# THIS IS AN AUTOGENERATED FILE. DO NOT EDIT THIS FILE DIRECTLY.
# yarn lockfile v1


"@koa/router@^10.1.1":
  version "10.1.1"
  resolved "http://npm.corp.logiocean.com/@koa%2frouter/-/router-10.1.1.tgz#8e5a85c9b243e0bc776802c0de564561e57a5f78"
  integrity sha1-jlqFybJD4Lx3aALA3lZFYeV6X3g=
  dependencies:
    debug "^4.1.1"
    http-errors "^1.7.3"
    koa-compose "^4.1.0"
    methods "^1.1.2"
    path-to-regexp "^6.1.0"

"@types/accepts@*":
  version "1.3.5"
  resolved "http://npm.corp.logiocean.com/@types%2faccepts/-/accepts-1.3.5.tgz#c34bec115cfc746e04fe5a059df4ce7e7b391575"
  integrity sha1-w0vsEVz8dG4E/loFnfTOfns5FXU=
  dependencies:
    "@types/node" "*"

"@types/body-parser@*":
  version "1.19.2"
  resolved "http://npm.corp.logiocean.com/@types%2fbody-parser/-/body-parser-1.19.2.tgz#aea2059e28b7658639081347ac4fab3de166e6f0"
  integrity sha1-rqIFnii3ZYY5CBNHrE+rPeFm5vA=
  dependencies:
    "@types/connect" "*"
    "@types/node" "*"

"@types/connect@*":
  version "3.4.35"
  resolved "http://npm.corp.logiocean.com/@types%2fconnect/-/connect-3.4.35.tgz#5fcf6ae445e4021d1fc2219a4873cc73a3bb2ad1"
  integrity sha1-X89q5EXkAh0fwiGaSHPMc6O7KtE=
  dependencies:
    "@types/node" "*"

"@types/content-disposition@*":
  version "0.5.4"
  resolved "http://npm.corp.logiocean.com/@types%2fcontent-disposition/-/content-disposition-0.5.4.tgz#de48cf01c79c9f1560bcfd8ae43217ab028657f8"
  integrity sha1-3kjPAcecnxVgvP2K5DIXqwKGV/g=

"@types/cookies@*":
  version "0.7.7"
  resolved "http://npm.corp.logiocean.com/@types%2fcookies/-/cookies-0.7.7.tgz#7a92453d1d16389c05a5301eef566f34946cfd81"
  integrity sha1-epJFPR0WOJwFpTAe71ZvNJRs/YE=
  dependencies:
    "@types/connect" "*"
    "@types/express" "*"
    "@types/keygrip" "*"
    "@types/node" "*"

"@types/express-serve-static-core@^4.17.18":
  version "4.17.26"
  resolved "http://npm.corp.logiocean.com/@types%2fexpress-serve-static-core/-/express-serve-static-core-4.17.26.tgz#5d9a8eeecb9d5f9d7fc1d85f541512a84638ae88"
  integrity sha512-zeu3tpouA043RHxW0gzRxwCHchMgftE8GArRsvYT0ByDMbn19olQHx5jLue0LxWY6iYtXb7rXmuVtSkhy9YZvQ==
  dependencies:
    "@types/node" "*"
    "@types/qs" "*"
    "@types/range-parser" "*"

"@types/express@*":
  version "4.17.13"
  resolved "http://npm.corp.logiocean.com/@types%2fexpress/-/express-4.17.13.tgz#a76e2995728999bab51a33fabce1d705a3709034"
  integrity sha1-p24plXKJmbq1GjP6vOHXBaNwkDQ=
  dependencies:
    "@types/body-parser" "*"
    "@types/express-serve-static-core" "^4.17.18"
    "@types/qs" "*"
    "@types/serve-static" "*"

"@types/formidable@^1.0.31":
  version "1.2.5"
  resolved "http://npm.corp.logiocean.com/@types%2fformidable/-/formidable-1.2.5.tgz#561d026e5f09179e5c8ef7b31e8f4652e11abe4c"
  integrity sha1-Vh0Cbl8JF55cjvezHo9GUuEavkw=
  dependencies:
    "@types/node" "*"

"@types/http-assert@*":
  version "1.5.3"
  resolved "http://npm.corp.logiocean.com/@types%2fhttp-assert/-/http-assert-1.5.3.tgz#ef8e3d1a8d46c387f04ab0f2e8ab8cb0c5078661"
  integrity sha1-7449Go1Gw4fwSrDy6KuMsMUHhmE=

"@types/http-errors@*":
  version "1.8.1"
  resolved "http://npm.corp.logiocean.com/@types%2fhttp-errors/-/http-errors-1.8.1.tgz#e81ad28a60bee0328c6d2384e029aec626f1ae67"
  integrity sha1-6BrSimC+4DKMbSOE4Cmuxibxrmc=

"@types/keygrip@*":
  version "1.0.2"
  resolved "http://npm.corp.logiocean.com/@types%2fkeygrip/-/keygrip-1.0.2.tgz#513abfd256d7ad0bf1ee1873606317b33b1b2a72"
  integrity sha1-UTq/0lbXrQvx7hhzYGMXszsbKnI=

"@types/koa-compose@*":
  version "3.2.5"
  resolved "http://npm.corp.logiocean.com/@types%2fkoa-compose/-/koa-compose-3.2.5.tgz#85eb2e80ac50be95f37ccf8c407c09bbe3468e9d"
  integrity sha1-hesugKxQvpXzfM+MQHwJu+NGjp0=
  dependencies:
    "@types/koa" "*"

"@types/koa@*", "@types/koa@^2.13.4":
  version "2.13.4"
  resolved "http://npm.corp.logiocean.com/@types%2fkoa/-/koa-2.13.4.tgz#10620b3f24a8027ef5cbae88b393d1b31205726b"
  integrity sha1-EGILPySoAn71y66Is5PRsxIFcms=
  dependencies:
    "@types/accepts" "*"
    "@types/content-disposition" "*"
    "@types/cookies" "*"
    "@types/http-assert" "*"
    "@types/http-errors" "*"
    "@types/keygrip" "*"
    "@types/koa-compose" "*"
    "@types/node" "*"

"@types/koa__router@^8.0.11":
  version "8.0.11"
  resolved "http://npm.corp.logiocean.com/@types%2fkoa__router/-/koa__router-8.0.11.tgz#d7b37e6db934fc072ea1baa2ab92bc8ac4564f3e"
  integrity sha512-WXgKWpBsbS14kzmzD9LeFapOIa678h7zvUHxDwXwSx4ETKXhXLVUAToX6jZ/U7EihM7qwyD9W/BZvB0MRu7MTQ==
  dependencies:
    "@types/koa" "*"

"@types/mime@^1":
  version "1.3.2"
  resolved "http://npm.corp.logiocean.com/@types%2fmime/-/mime-1.3.2.tgz#93e25bf9ee75fe0fd80b594bc4feb0e862111b5a"
  integrity sha1-k+Jb+e51/g/YC1lLxP6w6GIRG1o=

"@types/node@*":
  version "17.0.3"
  resolved "http://npm.corp.logiocean.com/@types%2fnode/-/node-17.0.3.tgz#4b086e316ed4504f49bd78135d48642bf50aa135"
  integrity sha512-bAKB1GcA28FR/D8HHQ5U4FYk7nvoZdp7TZSy9oIyQ8gpYCzpeESa3LCK2TbeocXic7GwIXCkCItJg0DttO3ZaQ==

"@types/qs@*":
  version "6.9.7"
  resolved "http://npm.corp.logiocean.com/@types%2fqs/-/qs-6.9.7.tgz#63bb7d067db107cc1e457c303bc25d511febf6cb"
  integrity sha1-Y7t9Bn2xB8weRXwwO8JdUR/r9ss=

"@types/range-parser@*":
  version "1.2.4"
  resolved "http://npm.corp.logiocean.com/@types%2frange-parser/-/range-parser-1.2.4.tgz#cd667bcfdd025213aafb7ca5915a932590acdcdc"
  integrity sha1-zWZ7z90CUhOq+3ylkVqTJZCs3Nw=

"@types/serve-static@*":
  version "1.13.10"
  resolved "http://npm.corp.logiocean.com/@types%2fserve-static/-/serve-static-1.13.10.tgz#f5e0ce8797d2d7cc5ebeda48a52c96c4fa47a8d9"
  integrity sha1-9eDOh5fS18xevtpIpSyWxPpHqNk=
  dependencies:
    "@types/mime" "^1"
    "@types/node" "*"

"@types/webidl-conversions@*":
  version "6.1.1"
  resolved "http://npm.corp.logiocean.com/@types%2fwebidl-conversions/-/webidl-conversions-6.1.1.tgz#e33bc8ea812a01f63f90481c666334844b12a09e"
  integrity sha1-4zvI6oEqAfY/kEgcZmM0hEsSoJ4=

"@types/whatwg-url@^8.2.1":
  version "8.2.1"
  resolved "http://npm.corp.logiocean.com/@types%2fwhatwg-url/-/whatwg-url-8.2.1.tgz#f1aac222dab7c59e011663a0cb0a3117b2ef05d4"
  integrity sha1-8arCItq3xZ4BFmOgywoxF7LvBdQ=
  dependencies:
    "@types/node" "*"
    "@types/webidl-conversions" "*"

accepts@^1.3.5:
  version "1.3.7"
  resolved "http://npm.corp.logiocean.com/accepts/-/accepts-1.3.7.tgz#531bc726517a3b2b41f850021c6cc15eaab507cd"
  integrity sha1-UxvHJlF6OytB+FACHGzBXqq1B80=
  dependencies:
    mime-types "~2.1.24"
    negotiator "0.6.2"

base64-js@^1.3.1:
  version "1.5.1"
  resolved "http://npm.corp.logiocean.com/base64-js/-/base64-js-1.5.1.tgz#1b1b440160a5bf7ad40b650f095963481903930a"
  integrity sha1-GxtEAWClv3rUC2UPCVljSBkDkwo=

bson@^4.2.2, bson@^4.6.0:
  version "4.6.0"
  resolved "http://npm.corp.logiocean.com/bson/-/bson-4.6.0.tgz#15c3b39ba3940c3d915a0c44d51459f4b4fbf1b2"
  integrity sha512-8jw1NU1hglS+Da1jDOUYuNcBJ4cNHCFIqzlwoFNnsTOg2R/ox0aTYcTiBN4dzRa9q7Cvy6XErh3L8ReTEb9AQQ==
  dependencies:
    buffer "^5.6.0"

buffer@^5.6.0:
  version "5.7.1"
  resolved "http://npm.corp.logiocean.com/buffer/-/buffer-5.7.1.tgz#ba62e7c13133053582197160851a8f648e99eed0"
  integrity sha1-umLnwTEzBTWCGXFghRqPZI6Z7tA=
  dependencies:
    base64-js "^1.3.1"
    ieee754 "^1.1.13"

bytes@3.1.1:
  version "3.1.1"
  resolved "http://npm.corp.logiocean.com/bytes/-/bytes-3.1.1.tgz#3f018291cb4cbad9accb6e6970bca9c8889e879a"
  integrity sha1-PwGCkctMutmsy25pcLypyIieh5o=

cache-content-type@^1.0.0:
  version "1.0.1"
  resolved "http://npm.corp.logiocean.com/cache-content-type/-/cache-content-type-1.0.1.tgz#035cde2b08ee2129f4a8315ea8f00a00dba1453c"
  integrity sha1-A1zeKwjuISn0qDFeqPAKANuhRTw=
  dependencies:
    mime-types "^2.1.18"
    ylru "^1.2.0"

call-bind@^1.0.0:
  version "1.0.2"
  resolved "http://npm.corp.logiocean.com/call-bind/-/call-bind-1.0.2.tgz#b1d4e89e688119c3c9a903ad30abb2f6a919be3c"
  integrity sha1-sdTonmiBGcPJqQOtMKuy9qkZvjw=
  dependencies:
    function-bind "^1.1.1"
    get-intrinsic "^1.0.2"

co-body@^5.1.1:
  version "5.2.0"
  resolved "http://npm.corp.logiocean.com/co-body/-/co-body-5.2.0.tgz#5a0a658c46029131e0e3a306f67647302f71c124"
  integrity sha1-WgpljEYCkTHg46MG9nZHMC9xwSQ=
  dependencies:
    inflation "^2.0.0"
    qs "^6.4.0"
    raw-body "^2.2.0"
    type-is "^1.6.14"

co@^4.6.0:
  version "4.6.0"
  resolved "http://npm.corp.logiocean.com/co/-/co-4.6.0.tgz#6ea6bdf3d853ae54ccb8e47bfa0bf3f9031fb184"
  integrity sha1-bqa989hTrlTMuOR7+gvz+QMfsYQ=

content-disposition@~0.5.2:
  version "0.5.4"
  resolved "http://npm.corp.logiocean.com/content-disposition/-/content-disposition-0.5.4.tgz#8b82b4efac82512a02bb0b1dcec9d2c5e8eb5bfe"
  integrity sha512-FveZTNuGw04cxlAiWbzi6zTAL/lhehaWbTtgluJh4/E95DqMwTmha3KZN1aAWA8cFIhHzMZUvLevkw5Rqk+tSQ==
  dependencies:
    safe-buffer "5.2.1"

content-type@^1.0.4:
  version "1.0.4"
  resolved "http://npm.corp.logiocean.com/content-type/-/content-type-1.0.4.tgz#e138cc75e040c727b1966fe5e5f8c9aee256fe3b"
  integrity sha1-4TjMdeBAxyexlm/l5fjJruJW/js=

cookies@~0.8.0:
  version "0.8.0"
  resolved "http://npm.corp.logiocean.com/cookies/-/cookies-0.8.0.tgz#1293ce4b391740a8406e3c9870e828c4b54f3f90"
  integrity sha1-EpPOSzkXQKhAbjyYcOgoxLVPP5A=
  dependencies:
    depd "~2.0.0"
    keygrip "~1.1.0"

debug@4.x, debug@^4.1.1, debug@^4.3.2:
  version "4.3.3"
  resolved "http://npm.corp.logiocean.com/debug/-/debug-4.3.3.tgz#04266e0b70a98d4462e6e288e38259213332b664"
  integrity sha512-/zxw5+vh1Tfv+4Qn7a5nsbcJKPaSvCDhojn6FEl9vupwK2VCSDtEiEtqr8DFtzYFOdz63LBkxec7DYuc2jon6Q==
  dependencies:
    ms "2.1.2"

deep-equal@~1.0.1:
  version "1.0.1"
  resolved "http://npm.corp.logiocean.com/deep-equal/-/deep-equal-1.0.1.tgz#f5d260292b660e084eff4cdbc9f08ad3247448b5"
  integrity sha1-9dJgKStmDghO/0zbyfCK0yR0SLU=

delegates@^1.0.0:
  version "1.0.0"
  resolved "http://npm.corp.logiocean.com/delegates/-/delegates-1.0.0.tgz#84c6e159b81904fdca59a0ef44cd870d31250f9a"
  integrity sha1-hMbhWbgZBP3KWaDvRM2HDTElD5o=

denque@^2.0.1:
  version "2.0.1"
  resolved "http://npm.corp.logiocean.com/denque/-/denque-2.0.1.tgz#bcef4c1b80dc32efe97515744f21a4229ab8934a"
  integrity sha1-vO9MG4DcMu/pdRV0TyGkIpq4k0o=

depd@^2.0.0, depd@~2.0.0:
  version "2.0.0"
  resolved "http://npm.corp.logiocean.com/depd/-/depd-2.0.0.tgz#b696163cc757560d09cf22cc8fad1571b79e76df"
  integrity sha1-tpYWPMdXVg0JzyLMj60Vcbeedt8=

depd@~1.1.2:
  version "1.1.2"
  resolved "http://npm.corp.logiocean.com/depd/-/depd-1.1.2.tgz#9bcd52e14c097763e749b274c4346ed2e560b5a9"
  integrity sha1-m81S4UwJd2PnSbJ0xDRu0uVgtak=

destroy@^1.0.4:
  version "1.0.4"
  resolved "http://npm.corp.logiocean.com/destroy/-/destroy-1.0.4.tgz#978857442c44749e4206613e37946205826abd80"
  integrity sha1-l4hXRCxEdJ5CBmE+N5RiBYJqvYA=

ee-first@1.1.1:
  version "1.1.1"
  resolved "http://npm.corp.logiocean.com/ee-first/-/ee-first-1.1.1.tgz#590c61156b0ae2f4f0255732a158b266bc56b21d"
  integrity sha1-WQxhFWsK4vTwJVcyoViyZrxWsh0=

encodeurl@^1.0.2:
  version "1.0.2"
  resolved "http://npm.corp.logiocean.com/encodeurl/-/encodeurl-1.0.2.tgz#ad3ff4c86ec2d029322f5a02c3a9a606c95b3f59"
  integrity sha1-rT/0yG7C0CkyL1oCw6mmBslbP1k=

escape-html@^1.0.3:
  version "1.0.3"
  resolved "http://npm.corp.logiocean.com/escape-html/-/escape-html-1.0.3.tgz#0258eae4d3d0c0974de1c169188ef0051d1d1988"
  integrity sha1-Aljq5NPQwJdN4cFpGI7wBR0dGYg=

formidable@^1.1.1:
  version "1.2.6"
  resolved "http://npm.corp.logiocean.com/formidable/-/formidable-1.2.6.tgz#d2a51d60162bbc9b4a055d8457a7c75315d1a168"
  integrity sha1-0qUdYBYrvJtKBV2EV6fHUxXRoWg=

fresh@~0.5.2:
  version "0.5.2"
  resolved "http://npm.corp.logiocean.com/fresh/-/fresh-0.5.2.tgz#3d8cadd90d976569fa835ab1f8e4b23a105605a7"
  integrity sha1-PYyt2Q2XZWn6g1qx+OSyOhBWBac=

function-bind@^1.1.1:
  version "1.1.1"
  resolved "http://npm.corp.logiocean.com/function-bind/-/function-bind-1.1.1.tgz#a56899d3ea3c9bab874bb9773b7c5ede92f4895d"
  integrity sha1-pWiZ0+o8m6uHS7l3O3xe3pL0iV0=

get-intrinsic@^1.0.2:
  version "1.1.1"
  resolved "http://npm.corp.logiocean.com/get-intrinsic/-/get-intrinsic-1.1.1.tgz#15f59f376f855c446963948f0d24cd3637b4abc6"
  integrity sha1-FfWfN2+FXERpY5SPDSTNNje0q8Y=
  dependencies:
    function-bind "^1.1.1"
    has "^1.0.3"
    has-symbols "^1.0.1"

has-symbols@^1.0.1, has-symbols@^1.0.2:
  version "1.0.2"
  resolved "http://npm.corp.logiocean.com/has-symbols/-/has-symbols-1.0.2.tgz#165d3070c00309752a1236a479331e3ac56f1423"
  integrity sha1-Fl0wcMADCXUqEjakeTMeOsVvFCM=

has-tostringtag@^1.0.0:
  version "1.0.0"
  resolved "http://npm.corp.logiocean.com/has-tostringtag/-/has-tostringtag-1.0.0.tgz#7e133818a7d394734f941e73c3d3f9291e658b25"
  integrity sha1-fhM4GKfTlHNPlB5zw9P5KR5liyU=
  dependencies:
    has-symbols "^1.0.2"

has@^1.0.3:
  version "1.0.3"
  resolved "http://npm.corp.logiocean.com/has/-/has-1.0.3.tgz#722d7cbfc1f6aa8241f16dd814e011e1f41e8796"
  integrity sha1-ci18v8H2qoJB8W3YFOAR4fQeh5Y=
  dependencies:
    function-bind "^1.1.1"

http-assert@^1.3.0:
  version "1.5.0"
  resolved "http://npm.corp.logiocean.com/http-assert/-/http-assert-1.5.0.tgz#c389ccd87ac16ed2dfa6246fd73b926aa00e6b8f"
  integrity sha1-w4nM2HrBbtLfpiRv1zuSaqAOa48=
  dependencies:
    deep-equal "~1.0.1"
    http-errors "~1.8.0"

http-errors@1.8.1, http-errors@^1.6.3, http-errors@^1.7.3, http-errors@~1.8.0:
  version "1.8.1"
  resolved "http://npm.corp.logiocean.com/http-errors/-/http-errors-1.8.1.tgz#7c3f28577cbc8a207388455dbd62295ed07bd68c"
  integrity sha1-fD8oV3y8iiBziEVdvWIpXtB71ow=
  dependencies:
    depd "~1.1.2"
    inherits "2.0.4"
    setprototypeof "1.2.0"
    statuses ">= 1.5.0 < 2"
    toidentifier "1.0.1"

iconv-lite@0.4.24:
  version "0.4.24"
  resolved "http://npm.corp.logiocean.com/iconv-lite/-/iconv-lite-0.4.24.tgz#2022b4b25fbddc21d2f524974a474aafe733908b"
  integrity sha1-ICK0sl+93CHS9SSXSkdKr+czkIs=
  dependencies:
    safer-buffer ">= 2.1.2 < 3"

ieee754@^1.1.13:
  version "1.2.1"
  resolved "http://npm.corp.logiocean.com/ieee754/-/ieee754-1.2.1.tgz#8eb7a10a63fff25d15a57b001586d177d1b0d352"
  integrity sha1-jrehCmP/8l0VpXsAFYbRd9Gw01I=

inflation@^2.0.0:
  version "2.0.0"
  resolved "http://npm.corp.logiocean.com/inflation/-/inflation-2.0.0.tgz#8b417e47c28f925a45133d914ca1fd389107f30f"
  integrity sha1-i0F+R8KPklpFEz2RTKH9OJEH8w8=

inherits@2.0.4:
  version "2.0.4"
  resolved "http://npm.corp.logiocean.com/inherits/-/inherits-2.0.4.tgz#0fa2c64f932917c3433a0ded55363aae37416b7c"
  integrity sha1-D6LGT5MpF8NDOg3tVTY6rjdBa3w=

is-generator-function@^1.0.7:
  version "1.0.10"
  resolved "http://npm.corp.logiocean.com/is-generator-function/-/is-generator-function-1.0.10.tgz#f1558baf1ac17e0deea7c0415c438351ff2b3c72"
  integrity sha1-8VWLrxrBfg3up8BBXEODUf8rPHI=
  dependencies:
    has-tostringtag "^1.0.0"

kareem@2.3.2:
  version "2.3.2"
  resolved "http://npm.corp.logiocean.com/kareem/-/kareem-2.3.2.tgz#78c4508894985b8d38a0dc15e1a8e11078f2ca93"
  integrity sha1-eMRQiJSYW404oNwV4ajhEHjyypM=

keygrip@~1.1.0:
  version "1.1.0"
  resolved "http://npm.corp.logiocean.com/keygrip/-/keygrip-1.1.0.tgz#871b1681d5e159c62a445b0c74b615e0917e7226"
  integrity sha1-hxsWgdXhWcYqRFsMdLYV4JF+ciY=
  dependencies:
    tsscmp "1.0.6"

koa-body@^4.2.0:
  version "4.2.0"
  resolved "http://npm.corp.logiocean.com/koa-body/-/koa-body-4.2.0.tgz#37229208b820761aca5822d14c5fc55cee31b26f"
  integrity sha1-NyKSCLggdhrKWCLRTF/FXO4xsm8=
  dependencies:
    "@types/formidable" "^1.0.31"
    co-body "^5.1.1"
    formidable "^1.1.1"

koa-compose@^4.1.0:
  version "4.1.0"
  resolved "http://npm.corp.logiocean.com/koa-compose/-/koa-compose-4.1.0.tgz#507306b9371901db41121c812e923d0d67d3e877"
  integrity sha1-UHMGuTcZAdtBEhyBLpI9DWfT6Hc=

koa-convert@^2.0.0:
  version "2.0.0"
  resolved "http://npm.corp.logiocean.com/koa-convert/-/koa-convert-2.0.0.tgz#86a0c44d81d40551bae22fee6709904573eea4f5"
  integrity sha1-hqDETYHUBVG64i/uZwmQRXPupPU=
  dependencies:
    co "^4.6.0"
    koa-compose "^4.1.0"

koa@^2.13.4:
  version "2.13.4"
  resolved "http://npm.corp.logiocean.com/koa/-/koa-2.13.4.tgz#ee5b0cb39e0b8069c38d115139c774833d32462e"
  integrity sha512-43zkIKubNbnrULWlHdN5h1g3SEKXOEzoAlRsHOTFpnlDu8JlAOZSMJBLULusuXRequboiwJcj5vtYXKB3k7+2g==
  dependencies:
    accepts "^1.3.5"
    cache-content-type "^1.0.0"
    content-disposition "~0.5.2"
    content-type "^1.0.4"
    cookies "~0.8.0"
    debug "^4.3.2"
    delegates "^1.0.0"
    depd "^2.0.0"
    destroy "^1.0.4"
    encodeurl "^1.0.2"
    escape-html "^1.0.3"
    fresh "~0.5.2"
    http-assert "^1.3.0"
    http-errors "^1.6.3"
    is-generator-function "^1.0.7"
    koa-compose "^4.1.0"
    koa-convert "^2.0.0"
    on-finished "^2.3.0"
    only "~0.0.2"
    parseurl "^1.3.2"
    statuses "^1.5.0"
    type-is "^1.6.16"
    vary "^1.1.2"

media-typer@0.3.0:
  version "0.3.0"
  resolved "http://npm.corp.logiocean.com/media-typer/-/media-typer-0.3.0.tgz#8710d7af0aa626f8fffa1ce00168545263255748"
  integrity sha1-hxDXrwqmJvj/+hzgAWhUUmMlV0g=

memory-pager@^1.0.2:
  version "1.5.0"
  resolved "http://npm.corp.logiocean.com/memory-pager/-/memory-pager-1.5.0.tgz#d8751655d22d384682741c972f2c3d6dfa3e66b5"
  integrity sha1-2HUWVdItOEaCdByXLyw9bfo+ZrU=

methods@^1.1.2:
  version "1.1.2"
  resolved "http://npm.corp.logiocean.com/methods/-/methods-1.1.2.tgz#5529a4d67654134edcc5266656835b0f851afcee"
  integrity sha1-VSmk1nZUE07cxSZmVoNbD4Ua/O4=

mime-db@1.51.0:
  version "1.51.0"
  resolved "http://npm.corp.logiocean.com/mime-db/-/mime-db-1.51.0.tgz#d9ff62451859b18342d960850dc3cfb77e63fb0c"
  integrity sha1-2f9iRRhZsYNC2WCFDcPPt35j+ww=

mime-types@^2.1.18, mime-types@~2.1.24:
  version "2.1.34"
  resolved "http://npm.corp.logiocean.com/mime-types/-/mime-types-2.1.34.tgz#5a712f9ec1503511a945803640fafe09d3793c24"
  integrity sha1-WnEvnsFQNRGpRYA2QPr+CdN5PCQ=
  dependencies:
    mime-db "1.51.0"

mongodb-connection-string-url@^2.3.2:
  version "2.4.1"
  resolved "http://npm.corp.logiocean.com/mongodb-connection-string-url/-/mongodb-connection-string-url-2.4.1.tgz#6b3c6c40133a0ad059fe9a0abda64b2a1cb4e8b4"
  integrity sha512-d5Kd2bVsKcSA7YI/yo57fSTtMwRQdFkvc5IZwod1RRxJtECeWPPSo7zqcUGJELifRA//Igs4spVtYAmvFCatug==
  dependencies:
    "@types/whatwg-url" "^8.2.1"
    whatwg-url "^11.0.0"

mongodb@4.2.2:
  version "4.2.2"
  resolved "http://npm.corp.logiocean.com/mongodb/-/mongodb-4.2.2.tgz#cd70568bd96003877e35358ad17a0c5de35c6dfd"
  integrity sha512-zt8rCTnTKyMQppyt63qMnrLM5dbADgUk18ORPF1XbtHLIYCyc9hattaYHi0pqMvNxDpgGgUofSVzS+UQErgTug==
  dependencies:
    bson "^4.6.0"
    denque "^2.0.1"
    mongodb-connection-string-url "^2.3.2"
  optionalDependencies:
    saslprep "^1.0.3"

mongoose@^6.1.3:
  version "6.1.3"
  resolved "http://npm.corp.logiocean.com/mongoose/-/mongoose-6.1.3.tgz#9534b39ecbb7a6a9e1b9108defb1345064080416"
  integrity sha512-EK3IBmQcIZEhnX3HQYge82hF0ukAnrxnJovBUFwAEkoe3SZ3VJb2k1eMF4MOKEo5mF/h3auxzKJhItaXc3dfmg==
  dependencies:
    bson "^4.2.2"
    kareem "2.3.2"
    mongodb "4.2.2"
    mpath "0.8.4"
    mquery "4.0.0"
    ms "2.1.2"
    regexp-clone "1.0.0"
    sift "13.5.2"
    sliced "1.0.1"

mpath@0.8.4:
  version "0.8.4"
  resolved "http://npm.corp.logiocean.com/mpath/-/mpath-0.8.4.tgz#6b566d9581621d9e931dd3b142ed3618e7599313"
  integrity sha1-a1ZtlYFiHZ6THdOxQu02GOdZkxM=

mquery@4.0.0:
  version "4.0.0"
  resolved "http://npm.corp.logiocean.com/mquery/-/mquery-4.0.0.tgz#6c62160ad25289e99e0840907757cdfd62bde775"
  integrity sha1-bGIWCtJSiemeCECQd1fN/WK953U=
  dependencies:
    debug "4.x"
    regexp-clone "^1.0.0"
    sliced "1.0.1"

ms@2.1.2:
  version "2.1.2"
  resolved "http://npm.corp.logiocean.com/ms/-/ms-2.1.2.tgz#d09d1f357b443f493382a8eb3ccd183872ae6009"
  integrity sha1-0J0fNXtEP0kzgqjrPM0YOHKuYAk=

negotiator@0.6.2:
  version "0.6.2"
  resolved "http://npm.corp.logiocean.com/negotiator/-/negotiator-0.6.2.tgz#feacf7ccf525a77ae9634436a64883ffeca346fb"
  integrity sha1-/qz3zPUlp3rpY0Q2pkiD/+yjRvs=

object-inspect@^1.9.0:
  version "1.12.0"
  resolved "http://npm.corp.logiocean.com/object-inspect/-/object-inspect-1.12.0.tgz#6e2c120e868fd1fd18cb4f18c31741d0d6e776f0"
  integrity sha512-Ho2z80bVIvJloH+YzRmpZVQe87+qASmBUKZDWgx9cu+KDrX2ZDH/3tMy+gXbZETVGs2M8YdxObOh7XAtim9Y0g==

on-finished@^2.3.0:
  version "2.3.0"
  resolved "http://npm.corp.logiocean.com/on-finished/-/on-finished-2.3.0.tgz#20f1336481b083cd75337992a16971aa2d906947"
  integrity sha1-IPEzZIGwg811M3mSoWlxqi2QaUc=
  dependencies:
    ee-first "1.1.1"

only@~0.0.2:
  version "0.0.2"
  resolved "http://npm.corp.logiocean.com/only/-/only-0.0.2.tgz#2afde84d03e50b9a8edc444e30610a70295edfb4"
  integrity sha1-Kv3oTQPlC5qO3EROMGEKcCle37Q=

parseurl@^1.3.2:
  version "1.3.3"
  resolved "http://npm.corp.logiocean.com/parseurl/-/parseurl-1.3.3.tgz#9da19e7bee8d12dff0513ed5b76957793bc2e8d4"
  integrity sha1-naGee+6NEt/wUT7Vt2lXeTvC6NQ=

path-to-regexp@^6.1.0:
  version "6.2.0"
  resolved "http://npm.corp.logiocean.com/path-to-regexp/-/path-to-regexp-6.2.0.tgz#f7b3803336104c346889adece614669230645f38"
  integrity sha1-97OAMzYQTDRoia3s5hRmkjBkXzg=

punycode@^2.1.1:
  version "2.1.1"
  resolved "http://npm.corp.logiocean.com/punycode/-/punycode-2.1.1.tgz#b58b010ac40c22c5657616c8d2c2c02c7bf479ec"
  integrity sha1-tYsBCsQMIsVldhbI0sLALHv0eew=

qs@^6.4.0:
  version "6.10.2"
  resolved "http://npm.corp.logiocean.com/qs/-/qs-6.10.2.tgz#c1431bea37fc5b24c5bdbafa20f16bdf2a4b9ffe"
  integrity sha512-mSIdjzqznWgfd4pMii7sHtaYF8rx8861hBO80SraY5GT0XQibWZWJSid0avzHGkDIZLImux2S5mXO0Hfct2QCw==
  dependencies:
    side-channel "^1.0.4"

raw-body@^2.2.0:
  version "2.4.2"
  resolved "http://npm.corp.logiocean.com/raw-body/-/raw-body-2.4.2.tgz#baf3e9c21eebced59dd6533ac872b71f7b61cb32"
  integrity sha1-uvPpwh7rztWd1lM6yHK3H3thyzI=
  dependencies:
    bytes "3.1.1"
    http-errors "1.8.1"
    iconv-lite "0.4.24"
    unpipe "1.0.0"

regexp-clone@1.0.0, regexp-clone@^1.0.0:
  version "1.0.0"
  resolved "http://npm.corp.logiocean.com/regexp-clone/-/regexp-clone-1.0.0.tgz#222db967623277056260b992626354a04ce9bf63"
  integrity sha1-Ii25Z2IydwViYLmSYmNUoEzpv2M=

safe-buffer@5.2.1:
  version "5.2.1"
  resolved "http://npm.corp.logiocean.com/safe-buffer/-/safe-buffer-5.2.1.tgz#1eaf9fa9bdb1fdd4ec75f58f9cdb4e6b7827eec6"
  integrity sha1-Hq+fqb2x/dTsdfWPnNtOa3gn7sY=

"safer-buffer@>= 2.1.2 < 3":
  version "2.1.2"
  resolved "http://npm.corp.logiocean.com/safer-buffer/-/safer-buffer-2.1.2.tgz#44fa161b0187b9549dd84bb91802f9bd8385cd6a"
  integrity sha1-RPoWGwGHuVSd2Eu5GAL5vYOFzWo=

saslprep@^1.0.3:
  version "1.0.3"
  resolved "http://npm.corp.logiocean.com/saslprep/-/saslprep-1.0.3.tgz#4c02f946b56cf54297e347ba1093e7acac4cf226"
  integrity sha1-TAL5RrVs9UKX40e6EJPnrKxM8iY=
  dependencies:
    sparse-bitfield "^3.0.3"

setprototypeof@1.2.0:
  version "1.2.0"
  resolved "http://npm.corp.logiocean.com/setprototypeof/-/setprototypeof-1.2.0.tgz#66c9a24a73f9fc28cbe66b09fed3d33dcaf1b424"
  integrity sha1-ZsmiSnP5/CjL5msJ/tPTPcrxtCQ=

side-channel@^1.0.4:
  version "1.0.4"
  resolved "http://npm.corp.logiocean.com/side-channel/-/side-channel-1.0.4.tgz#efce5c8fdc104ee751b25c58d4290011fa5ea2cf"
  integrity sha1-785cj9wQTudRslxY1CkAEfpeos8=
  dependencies:
    call-bind "^1.0.0"
    get-intrinsic "^1.0.2"
    object-inspect "^1.9.0"

sift@13.5.2:
  version "13.5.2"
  resolved "http://npm.corp.logiocean.com/sift/-/sift-13.5.2.tgz#24a715e13c617b086166cd04917d204a591c9da6"
  integrity sha1-JKcV4TxhewhhZs0EkX0gSlkcnaY=

sliced@1.0.1:
  version "1.0.1"
  resolved "http://npm.corp.logiocean.com/sliced/-/sliced-1.0.1.tgz#0b3a662b5d04c3177b1926bea82b03f837a2ef41"
  integrity sha1-CzpmK10Ewxd7GSa+qCsD+Dei70E=

sparse-bitfield@^3.0.3:
  version "3.0.3"
  resolved "http://npm.corp.logiocean.com/sparse-bitfield/-/sparse-bitfield-3.0.3.tgz#ff4ae6e68656056ba4b3e792ab3334d38273ca11"
  integrity sha1-/0rm5oZWBWuks+eSqzM004JzyhE=
  dependencies:
    memory-pager "^1.0.2"

"statuses@>= 1.5.0 < 2", statuses@^1.5.0:
  version "1.5.0"
  resolved "http://npm.corp.logiocean.com/statuses/-/statuses-1.5.0.tgz#161c7dac177659fd9811f43771fa99381478628c"
  integrity sha1-Fhx9rBd2Wf2YEfQ3cfqZOBR4Yow=

toidentifier@1.0.1:
  version "1.0.1"
  resolved "http://npm.corp.logiocean.com/toidentifier/-/toidentifier-1.0.1.tgz#3be34321a88a820ed1bd80dfaa33e479fbb8dd35"
  integrity sha1-O+NDIaiKgg7RvYDfqjPkefu43TU=

tr46@^3.0.0:
  version "3.0.0"
  resolved "http://npm.corp.logiocean.com/tr46/-/tr46-3.0.0.tgz#555c4e297a950617e8eeddef633c87d4d9d6cbf9"
  integrity sha1-VVxOKXqVBhfo7t3vYzyH1NnWy/k=
  dependencies:
    punycode "^2.1.1"

tsscmp@1.0.6:
  version "1.0.6"
  resolved "http://npm.corp.logiocean.com/tsscmp/-/tsscmp-1.0.6.tgz#85b99583ac3589ec4bfef825b5000aa911d605eb"
  integrity sha1-hbmVg6w1iexL/vgltQAKqRHWBes=

type-is@^1.6.14, type-is@^1.6.16:
  version "1.6.18"
  resolved "http://npm.corp.logiocean.com/type-is/-/type-is-1.6.18.tgz#4e552cd05df09467dcbc4ef739de89f2cf37c131"
  integrity sha1-TlUs0F3wlGfcvE73Od6J8s83wTE=
  dependencies:
    media-typer "0.3.0"
    mime-types "~2.1.24"

unpipe@1.0.0:
  version "1.0.0"
  resolved "http://npm.corp.logiocean.com/unpipe/-/unpipe-1.0.0.tgz#b2bf4ee8514aae6165b4817829d21b2ef49904ec"
  integrity sha1-sr9O6FFKrmFltIF4KdIbLvSZBOw=

vary@^1.1.2:
  version "1.1.2"
  resolved "http://npm.corp.logiocean.com/vary/-/vary-1.1.2.tgz#2299f02c6ded30d4a5961b0b9f74524a18f634fc"
  integrity sha1-IpnwLG3tMNSllhsLn3RSShj2NPw=

webidl-conversions@^7.0.0:
  version "7.0.0"
  resolved "http://npm.corp.logiocean.com/webidl-conversions/-/webidl-conversions-7.0.0.tgz#256b4e1882be7debbf01d05f0aa2039778ea080a"
  integrity sha1-JWtOGIK+feu/AdBfCqIDl3jqCAo=

whatwg-url@^11.0.0:
  version "11.0.0"
  resolved "http://npm.corp.logiocean.com/whatwg-url/-/whatwg-url-11.0.0.tgz#0a849eebb5faf2119b901bb76fd795c2848d4018"
  integrity sha1-CoSe67X68hGbkBu3b9eVwoSNQBg=
  dependencies:
    tr46 "^3.0.0"
    webidl-conversions "^7.0.0"

ylru@^1.2.0:
  version "1.2.1"
  resolved "http://npm.corp.logiocean.com/ylru/-/ylru-1.2.1.tgz#f576b63341547989c1de7ba288760923b27fe84f"
  integrity sha1-9Xa2M0FUeYnB3nuiiHYJI7J/6E8=
